<?xml version="1.0" encoding="utf-8"?>
<Project ToolsVersion="4.0" xmlns="http://schemas.microsoft.com/developer/msbuild/2003">
  <ItemGroup>
    <Filter Include="Source Files">
      <UniqueIdentifier>{4FC737F1-C7A5-4376-A066-2A32D752A2FF}</UniqueIdentifier>
      <Extensions>cpp;c;cc;cxx;def;odl;idl;hpj;bat;asm;asmx</Extensions>
    </Filter>
    <Filter Include="Header Files">
      <UniqueIdentifier>{93995380-89BD-4b04-88EB-625FBE52EBFB}</UniqueIdentifier>
      <Extensions>h;hh;hpp;hxx;hm;inl;inc;xsd</Extensions>
    </Filter>
    <Filter Include="Resource Files">
      <UniqueIdentifier>{D9D6E242-F8AF-46E4-B9FD-80ECBC20BA3E}</UniqueIdentifier>
      <Extensions>qrc;*</Extensions>
      <ParseFiles>false</ParseFiles>
    </Filter>
    <Filter Include="Form Files">
      <UniqueIdentifier>{99349809-55BA-4b9d-BF79-8FDBB0286EB3}</UniqueIdentifier>
      <Extensions>ui</Extensions>
    </Filter>
    <Filter Include="Resource Files">
      <UniqueIdentifier>{D9D6E242-F8AF-46E4-B9FD-80ECBC20BA3E}</UniqueIdentifier>
      <Extensions>qrc;*</Extensions>
      <ParseFiles>false</ParseFiles>
    </Filter>
  </ItemGroup>
  <ItemGroup>
    <ClCompile Include="main.cpp">
      <Filter>Source Files</Filter>
    </ClCompile>
    <ClCompile Include="ImageProcessing.cpp">
      <Filter>Source Files</Filter>
    </ClCompile>
    <ClCompile Include="Imageview.cpp">
      <Filter>Source Files</Filter>
    </ClCompile>
    <ClCompile Include="DataManage.cpp">
      <Filter>Source Files</Filter>
    </ClCompile>
    <ClCompile Include="Enhance.cpp">
      <Filter>Source Files</Filter>
    </ClCompile>
    <ClCompile Include="Image.cpp">
      <Filter>Source Files</Filter>
    </ClCompile>
    <ClCompile Include="ShowImage.cpp">
      <Filter>Source Files</Filter>
    </ClCompile>
    <ClCompile Include="Statistic.cpp">
      <Filter>Source Files</Filter>
    </ClCompile>
    <ClCompile Include="AddRGB.cpp">
      <Filter>Source Files</Filter>
    </ClCompile>
    <ClCompile Include="ScatterPlot.cpp">
      <Filter>Source Files</Filter>
    </ClCompile>
    <ClCompile Include="StaWindow.cpp">
      <Filter>Source Files</Filter>
    </ClCompile>
    <ClCompile Include="PCATrans.cpp">
      <Filter>Source Files</Filter>
    </ClCompile>
    <ClCompile Include="ToolManage.cpp">
      <Filter>Source Files</Filter>
    </ClCompile>
    <ClCompile Include="OtsuSeg.cpp">
      <Filter>Source Files</Filter>
    </ClCompile>
    <ClCompile Include="ISODATA.cpp">
      <Filter>Source Files</Filter>
    </ClCompile>
    <ClCompile Include="PCAdlg.cpp">
      <Filter>Source Files</Filter>
    </ClCompile>
    <ClCompile Include="PCAmat.cpp">
      <Filter>Source Files</Filter>
    </ClCompile>
    <ClCompile Include="Otsudlg.cpp">
      <Filter>Source Files</Filter>
    </ClCompile>
    <ClCompile Include="FourierTrans.cpp">
      <Filter>Source Files</Filter>
    </ClCompile>
    <ClCompile Include="ISODATAdlg.cpp">
      <Filter>Source Files</Filter>
    </ClCompile>
    <ClCompile Include="SVMBasic.cpp">
      <Filter>Source Files</Filter>
    </ClCompile>
    <ClCompile Include="SVMClassifier.cpp">
      <Filter>Source Files</Filter>
    </ClCompile>
    <ClCompile Include="SVMdlg.cpp">
      <Filter>Source Files</Filter>
    </ClCompile>
    <ClCompile Include="SampleProcess.cpp">
      <Filter>Source Files</Filter>
    </ClCompile>
    <ClCompile Include="Networkdlg.cpp">
      <Filter>Source Files</Filter>
    </ClCompile>
    <ClCompile Include="BPNet.cpp">
      <Filter>Source Files</Filter>
    </ClCompile>
    <ClCompile Include="Filterdlg.cpp">
      <Filter>Source Files</Filter>
    </ClCompile>
    <ClCompile Include="Filter.cpp">
      <Filter>Source Files</Filter>
    </ClCompile>
  </ItemGroup>
  <ItemGroup>
    <QtMoc Include="ImageProcessing.h">
      <Filter>Header Files</Filter>
    </QtMoc>
    <QtMoc Include="Imageview.h">
      <Filter>Header Files</Filter>
    </QtMoc>
    <QtMoc Include="AddRGB.h">
      <Filter>Header Files</Filter>
    </QtMoc>
    <QtMoc Include="ScatterPlot.h">
      <Filter>Header Files</Filter>
    </QtMoc>
    <QtMoc Include="StaWindow.h">
      <Filter>Header Files</Filter>
    </QtMoc>
    <QtMoc Include="PCAdlg.h">
      <Filter>Header Files</Filter>
    </QtMoc>
    <QtMoc Include="PCAmat.h">
      <Filter>Header Files</Filter>
    </QtMoc>
    <QtMoc Include="Otsudlg.h">
      <Filter>Header Files</Filter>
    </QtMoc>
    <QtMoc Include="ISODATAdlg.h">
      <Filter>Header Files</Filter>
    </QtMoc>
    <QtMoc Include="SVMdlg.h">
      <Filter>Header Files</Filter>
    </QtMoc>
    <QtMoc Include="Networkdlg.h">
      <Filter>Header Files</Filter>
    </QtMoc>
    <QtMoc Include="Filterdlg.h">
      <Filter>Header Files</Filter>
    </QtMoc>
  </ItemGroup>
  <ItemGroup>
    <QtUic Include="ImageProcessing.ui">
      <Filter>Form Files</Filter>
    </QtUic>
    <QtUic Include="AddRGB.ui">
      <Filter>Form Files</Filter>
    </QtUic>
    <QtUic Include="ScatterPlot.ui">
      <Filter>Form Files</Filter>
    </QtUic>
    <QtUic Include="StaWindow.ui">
      <Filter>Form Files</Filter>
    </QtUic>
    <QtUic Include="PCAdlg.ui">
      <Filter>Form Files</Filter>
    </QtUic>
    <QtUic Include="PCAmat.ui">
      <Filter>Form Files</Filter>
    </QtUic>
    <QtUic Include="Otsudlg.ui">
      <Filter>Form Files</Filter>
    </QtUic>
    <QtUic Include="ISODATAdlg.ui">
      <Filter>Form Files</Filter>
    </QtUic>
    <QtUic Include="SVMdlg.ui">
      <Filter>Form Files</Filter>
    </QtUic>
    <QtUic Include="Networkdlg.ui">
      <Filter>Form Files</Filter>
    </QtUic>
    <QtUic Include="Filterdlg.ui">
      <Filter>Form Files</Filter>
    </QtUic>
  </ItemGroup>
  <ItemGroup>
    <QtRcc Include="ImageProcessing.qrc">
      <Filter>Resource Files</Filter>
    </QtRcc>
  </ItemGroup>
  <ItemGroup>
    <ClInclude Include="DataManage.h">
      <Filter>Header Files</Filter>
    </ClInclude>
    <ClInclude Include="Enhance.h">
      <Filter>Header Files</Filter>
    </ClInclude>
    <ClInclude Include="Image.h">
      <Filter>Header Files</Filter>
    </ClInclude>
    <ClInclude Include="ShowImage.h">
      <Filter>Header Files</Filter>
    </ClInclude>
    <ClInclude Include="Statistic.h">
      <Filter>Header Files</Filter>
    </ClInclude>
    <ClInclude Include="PCATrans.h">
      <Filter>Header Files</Filter>
    </ClInclude>
    <ClInclude Include="ToolManage.h">
      <Filter>Header Files</Filter>
    </ClInclude>
    <ClInclude Include="OtsuSeg.h">
      <Filter>Header Files</Filter>
    </ClInclude>
    <ClInclude Include="ISODATA.h">
      <Filter>Header Files</Filter>
    </ClInclude>
    <ClInclude Include="FourierTrans.h">
      <Filter>Header Files</Filter>
    </ClInclude>
    <ClInclude Include="SVMBasic.h">
      <Filter>Header Files</Filter>
    </ClInclude>
    <ClInclude Include="SVMClassifier.h">
      <Filter>Header Files</Filter>
    </ClInclude>
    <ClInclude Include="SampleProcess.h">
      <Filter>Header Files</Filter>
    </ClInclude>
    <ClInclude Include="BPNet.h">
      <Filter>Header Files</Filter>
    </ClInclude>
    <ClInclude Include="Filter.h">
      <Filter>Header Files</Filter>
    </ClInclude>
  </ItemGroup>
  <ItemGroup>
    <None Include="ClassDiagram.cd" />
  </ItemGroup>
</Project>